
Microsoft Visual Studio Solution File, Format Version 12.00
# Visual Studio Version 16
VisualStudioVersion = 16.0.810.16
MinimumVisualStudioVersion = 10.0.40219.1
Project("{FAE04EC0-301F-11D3-BF4B-00C04F79EFBC}") = "Exercise5", "Exercise5\Exercise5.csproj", "{2D768892-ADCC-4C08-88E2-A21A0324FF18}"
EndProject
Global
	GlobalSection(SolutionConfigurationPlatforms) = preSolution
		Debug|Any CPU = Debug|Any CPU
		Release|Any CPU = Release|Any CPU
	EndGlobalSection
	GlobalSection(ProjectConfigurationPlatforms) = postSolution
		{2D768892-ADCC-4C08-88E2-A21A0324FF18}.Debug|Any CPU.ActiveCfg = Debug|Any CPU
		{2D768892-ADCC-4C08-88E2-A21A0324FF18}.Debug|Any CPU.Build.0 = Debug|Any CPU
		{2D768892-ADCC-4C08-88E2-A21A0324FF18}.Release|Any CPU.ActiveCfg = Release|Any CPU
		{2D768892-ADCC-4C08-88E2-A21A0324FF18}.Release|Any CPU.Build.0 = Release|Any CPU
	EndGlobalSection
	GlobalSection(SolutionProperties) = preSolution
		HideSolutionNode = FALSE
	EndGlobalSection
	GlobalSection(ExtensibilityGlobals) = postSolution
		SolutionGuid = {C3C84A87-9E27-41A3-A64D-4850AAC7940C}
	EndGlobalSection
EndGlobal
