
Microsoft Visual Studio Solution File, Format Version 12.00
# Visual Studio Version 16
VisualStudioVersion = 16.0.810.16
MinimumVisualStudioVersion = 10.0.40219.1
Project("{FAE04EC0-301F-11D3-BF4B-00C04F79EFBC}") = "Exercise4", "Exercise4\Exercise4.csproj", "{53C0CEC5-518E-4C17-B7B7-C5DD22207C02}"
EndProject
Global
	GlobalSection(SolutionConfigurationPlatforms) = preSolution
		Debug|Any CPU = Debug|Any CPU
		Release|Any CPU = Release|Any CPU
	EndGlobalSection
	GlobalSection(ProjectConfigurationPlatforms) = postSolution
		{53C0CEC5-518E-4C17-B7B7-C5DD22207C02}.Debug|Any CPU.ActiveCfg = Debug|Any CPU
		{53C0CEC5-518E-4C17-B7B7-C5DD22207C02}.Debug|Any CPU.Build.0 = Debug|Any CPU
		{53C0CEC5-518E-4C17-B7B7-C5DD22207C02}.Release|Any CPU.ActiveCfg = Release|Any CPU
		{53C0CEC5-518E-4C17-B7B7-C5DD22207C02}.Release|Any CPU.Build.0 = Release|Any CPU
	EndGlobalSection
	GlobalSection(SolutionProperties) = preSolution
		HideSolutionNode = FALSE
	EndGlobalSection
	GlobalSection(ExtensibilityGlobals) = postSolution
		SolutionGuid = {EF6B1A99-AD92-4E4E-A562-9491B745178E}
	EndGlobalSection
EndGlobal
