
Microsoft Visual Studio Solution File, Format Version 12.00
# Visual Studio Version 16
VisualStudioVersion = 16.0.810.16
MinimumVisualStudioVersion = 10.0.40219.1
Project("{FAE04EC0-301F-11D3-BF4B-00C04F79EFBC}") = "SimpleApp", "SimpleApp\SimpleApp.csproj", "{D271AF66-9788-410F-925B-12EC880B3298}"
EndProject
Global
	GlobalSection(SolutionConfigurationPlatforms) = preSolution
		Debug|Any CPU = Debug|Any CPU
		Release|Any CPU = Release|Any CPU
	EndGlobalSection
	GlobalSection(ProjectConfigurationPlatforms) = postSolution
		{D271AF66-9788-410F-925B-12EC880B3298}.Debug|Any CPU.ActiveCfg = Debug|Any CPU
		{D271AF66-9788-410F-925B-12EC880B3298}.Debug|Any CPU.Build.0 = Debug|Any CPU
		{D271AF66-9788-410F-925B-12EC880B3298}.Release|Any CPU.ActiveCfg = Release|Any CPU
		{D271AF66-9788-410F-925B-12EC880B3298}.Release|Any CPU.Build.0 = Release|Any CPU
	EndGlobalSection
	GlobalSection(SolutionProperties) = preSolution
		HideSolutionNode = FALSE
	EndGlobalSection
	GlobalSection(ExtensibilityGlobals) = postSolution
		SolutionGuid = {3DF0C48C-C051-4A33-8508-BB6476D06F91}
	EndGlobalSection
EndGlobal
