
Microsoft Visual Studio Solution File, Format Version 12.00
# Visual Studio Version 16
VisualStudioVersion = 16.0.810.16
MinimumVisualStudioVersion = 10.0.40219.1
Project("{FAE04EC0-301F-11D3-BF4B-00C04F79EFBC}") = "exercise3", "exercise3\exercise3.csproj", "{37B94559-0744-43A4-85CA-A1544930B5BD}"
EndProject
Global
	GlobalSection(SolutionConfigurationPlatforms) = preSolution
		Debug|Any CPU = Debug|Any CPU
		Release|Any CPU = Release|Any CPU
	EndGlobalSection
	GlobalSection(ProjectConfigurationPlatforms) = postSolution
		{37B94559-0744-43A4-85CA-A1544930B5BD}.Debug|Any CPU.ActiveCfg = Debug|Any CPU
		{37B94559-0744-43A4-85CA-A1544930B5BD}.Debug|Any CPU.Build.0 = Debug|Any CPU
		{37B94559-0744-43A4-85CA-A1544930B5BD}.Release|Any CPU.ActiveCfg = Release|Any CPU
		{37B94559-0744-43A4-85CA-A1544930B5BD}.Release|Any CPU.Build.0 = Release|Any CPU
	EndGlobalSection
	GlobalSection(SolutionProperties) = preSolution
		HideSolutionNode = FALSE
	EndGlobalSection
	GlobalSection(ExtensibilityGlobals) = postSolution
		SolutionGuid = {6E82A946-D3F7-4702-82CB-BA742D6BCB92}
	EndGlobalSection
EndGlobal
