
Microsoft Visual Studio Solution File, Format Version 12.00
# Visual Studio Version 16
VisualStudioVersion = 16.0.810.16
MinimumVisualStudioVersion = 10.0.40219.1
Project("{FAE04EC0-301F-11D3-BF4B-00C04F79EFBC}") = "exercise2", "exercise2\exercise2.csproj", "{C9A7DAD4-7739-49E8-9F1E-C316482FA5A4}"
EndProject
Global
	GlobalSection(SolutionConfigurationPlatforms) = preSolution
		Debug|Any CPU = Debug|Any CPU
		Release|Any CPU = Release|Any CPU
	EndGlobalSection
	GlobalSection(ProjectConfigurationPlatforms) = postSolution
		{C9A7DAD4-7739-49E8-9F1E-C316482FA5A4}.Debug|Any CPU.ActiveCfg = Debug|Any CPU
		{C9A7DAD4-7739-49E8-9F1E-C316482FA5A4}.Debug|Any CPU.Build.0 = Debug|Any CPU
		{C9A7DAD4-7739-49E8-9F1E-C316482FA5A4}.Release|Any CPU.ActiveCfg = Release|Any CPU
		{C9A7DAD4-7739-49E8-9F1E-C316482FA5A4}.Release|Any CPU.Build.0 = Release|Any CPU
	EndGlobalSection
	GlobalSection(SolutionProperties) = preSolution
		HideSolutionNode = FALSE
	EndGlobalSection
	GlobalSection(ExtensibilityGlobals) = postSolution
		SolutionGuid = {03DD261F-BCCD-4405-BE7F-63F6207EF710}
	EndGlobalSection
EndGlobal
